
Microsoft Visual Studio Solution File, Format Version 12.00
# Visual Studio Version 17
VisualStudioVersion = 17.14.36518.9 d17.14
MinimumVisualStudioVersion = 10.0.40219.1
Project("{FAE04EC0-301F-11D3-BF4B-00C04F79EFBC}") = "Warehouse Management System", "Warehouse Management System\Warehouse Management System.csproj", "{BCA57E97-9339-47BC-9D3A-93B9A4133DDA}"
EndProject
Global
	GlobalSection(SolutionConfigurationPlatforms) = preSolution
		Debug|Any CPU = Debug|Any CPU
		Release|Any CPU = Release|Any CPU
	EndGlobalSection
	GlobalSection(ProjectConfigurationPlatforms) = postSolution
		{BCA57E97-9339-47BC-9D3A-93B9A4133DDA}.Debug|Any CPU.ActiveCfg = Debug|Any CPU
		{BCA57E97-9339-47BC-9D3A-93B9A4133DDA}.Debug|Any CPU.Build.0 = Debug|Any CPU
		{BCA57E97-9339-47BC-9D3A-93B9A4133DDA}.Release|Any CPU.ActiveCfg = Release|Any CPU
		{BCA57E97-9339-47BC-9D3A-93B9A4133DDA}.Release|Any CPU.Build.0 = Release|Any CPU
	EndGlobalSection
	GlobalSection(SolutionProperties) = preSolution
		HideSolutionNode = FALSE
	EndGlobalSection
	GlobalSection(ExtensibilityGlobals) = postSolution
		SolutionGuid = {CC857E7C-5149-47BF-A865-7F902A7D90E7}
	EndGlobalSection
EndGlobal
